
Microsoft Visual Studio Solution File, Format Version 12.00
# Visual Studio 14
VisualStudioVersion = 14.0.25123.0
MinimumVisualStudioVersion = 10.0.40219.1
Project("{FAE04EC0-301F-11D3-BF4B-00C04F79EFBC}") = "InsideTheBuilding", "InsideTheBuilding\InsideTheBuilding.csproj", "{7D733293-6AE3-4DB7-A3EF-5201670E0D0F}"
EndProject
Project("{FAE04EC0-301F-11D3-BF4B-00C04F79EFBC}") = "StudentCables", "StudentCables\StudentCables.csproj", "{BF974232-C335-4810-A75B-3487881C6D80}"
EndProject
Project("{FAE04EC0-301F-11D3-BF4B-00C04F79EFBC}") = "ProgrammerDNA", "ProgrammerDNA\ProgrammerDNA.csproj", "{4948B99E-D48A-41D1-934B-995DB86718A9}"
EndProject
Project("{FAE04EC0-301F-11D3-BF4B-00C04F79EFBC}") = "MagicCarNumbers", "MagicCarNumbers\MagicCarNumbers.csproj", "{91B48C21-9334-4AAC-A008-86BF73C821A1}"
EndProject
Project("{FAE04EC0-301F-11D3-BF4B-00C04F79EFBC}") = "BitFlipper", "BitFlipper\BitFlipper.csproj", "{BCD889DD-4D47-465E-B376-6C9ACC5B0502}"
EndProject
Global
	GlobalSection(SolutionConfigurationPlatforms) = preSolution
		Debug|Any CPU = Debug|Any CPU
		Release|Any CPU = Release|Any CPU
	EndGlobalSection
	GlobalSection(ProjectConfigurationPlatforms) = postSolution
		{7D733293-6AE3-4DB7-A3EF-5201670E0D0F}.Debug|Any CPU.ActiveCfg = Debug|Any CPU
		{7D733293-6AE3-4DB7-A3EF-5201670E0D0F}.Debug|Any CPU.Build.0 = Debug|Any CPU
		{7D733293-6AE3-4DB7-A3EF-5201670E0D0F}.Release|Any CPU.ActiveCfg = Release|Any CPU
		{7D733293-6AE3-4DB7-A3EF-5201670E0D0F}.Release|Any CPU.Build.0 = Release|Any CPU
		{BF974232-C335-4810-A75B-3487881C6D80}.Debug|Any CPU.ActiveCfg = Debug|Any CPU
		{BF974232-C335-4810-A75B-3487881C6D80}.Debug|Any CPU.Build.0 = Debug|Any CPU
		{BF974232-C335-4810-A75B-3487881C6D80}.Release|Any CPU.ActiveCfg = Release|Any CPU
		{BF974232-C335-4810-A75B-3487881C6D80}.Release|Any CPU.Build.0 = Release|Any CPU
		{4948B99E-D48A-41D1-934B-995DB86718A9}.Debug|Any CPU.ActiveCfg = Debug|Any CPU
		{4948B99E-D48A-41D1-934B-995DB86718A9}.Debug|Any CPU.Build.0 = Debug|Any CPU
		{4948B99E-D48A-41D1-934B-995DB86718A9}.Release|Any CPU.ActiveCfg = Release|Any CPU
		{4948B99E-D48A-41D1-934B-995DB86718A9}.Release|Any CPU.Build.0 = Release|Any CPU
		{91B48C21-9334-4AAC-A008-86BF73C821A1}.Debug|Any CPU.ActiveCfg = Debug|Any CPU
		{91B48C21-9334-4AAC-A008-86BF73C821A1}.Debug|Any CPU.Build.0 = Debug|Any CPU
		{91B48C21-9334-4AAC-A008-86BF73C821A1}.Release|Any CPU.ActiveCfg = Release|Any CPU
		{91B48C21-9334-4AAC-A008-86BF73C821A1}.Release|Any CPU.Build.0 = Release|Any CPU
		{BCD889DD-4D47-465E-B376-6C9ACC5B0502}.Debug|Any CPU.ActiveCfg = Debug|Any CPU
		{BCD889DD-4D47-465E-B376-6C9ACC5B0502}.Debug|Any CPU.Build.0 = Debug|Any CPU
		{BCD889DD-4D47-465E-B376-6C9ACC5B0502}.Release|Any CPU.ActiveCfg = Release|Any CPU
		{BCD889DD-4D47-465E-B376-6C9ACC5B0502}.Release|Any CPU.Build.0 = Release|Any CPU
	EndGlobalSection
	GlobalSection(SolutionProperties) = preSolution
		HideSolutionNode = FALSE
	EndGlobalSection
EndGlobal
