
Microsoft Visual Studio Solution File, Format Version 12.00
# Visual Studio 14
VisualStudioVersion = 14.0.25123.0
MinimumVisualStudioVersion = 10.0.40219.1
Project("{FAE04EC0-301F-11D3-BF4B-00C04F79EFBC}") = "Problem 01.Simple Calculation", "Problem 01.Simple Calculation\Problem 01.Simple Calculation.csproj", "{BB33D7A1-65CC-484F-90C0-82C2B1A2F0A5}"
EndProject
Project("{FAE04EC0-301F-11D3-BF4B-00C04F79EFBC}") = "Problem 02.Tribonacci", "Problem 02.Tribonacci\Problem 02.Tribonacci.csproj", "{14DA91DE-9157-4B87-82E7-D91B0DEF0242}"
EndProject
Project("{FAE04EC0-301F-11D3-BF4B-00C04F79EFBC}") = "Problem 03.Sand Glass", "Problem 03.Sand Glass\Problem 03.Sand Glass.csproj", "{3E9D5424-42E9-4EF7-98BB-A923DFAC21B8}"
EndProject
Project("{FAE04EC0-301F-11D3-BF4B-00C04F79EFBC}") = "Problem 04.Bulls and Cows", "Problem 04.Bulls and Cows\Problem 04.Bulls and Cows.csproj", "{17BB7CF9-242B-4DB8-B638-580D9D850D02}"
EndProject
Project("{FAE04EC0-301F-11D3-BF4B-00C04F79EFBC}") = "Problem 05.We all Love Bits", "Problem 05.We all Love Bits\Problem 05.We all Love Bits.csproj", "{6FD3FD0C-A3A1-442A-ABB1-8B9964E198B0}"
EndProject
Global
	GlobalSection(SolutionConfigurationPlatforms) = preSolution
		Debug|Any CPU = Debug|Any CPU
		Release|Any CPU = Release|Any CPU
	EndGlobalSection
	GlobalSection(ProjectConfigurationPlatforms) = postSolution
		{BB33D7A1-65CC-484F-90C0-82C2B1A2F0A5}.Debug|Any CPU.ActiveCfg = Debug|Any CPU
		{BB33D7A1-65CC-484F-90C0-82C2B1A2F0A5}.Debug|Any CPU.Build.0 = Debug|Any CPU
		{BB33D7A1-65CC-484F-90C0-82C2B1A2F0A5}.Release|Any CPU.ActiveCfg = Release|Any CPU
		{BB33D7A1-65CC-484F-90C0-82C2B1A2F0A5}.Release|Any CPU.Build.0 = Release|Any CPU
		{14DA91DE-9157-4B87-82E7-D91B0DEF0242}.Debug|Any CPU.ActiveCfg = Debug|Any CPU
		{14DA91DE-9157-4B87-82E7-D91B0DEF0242}.Debug|Any CPU.Build.0 = Debug|Any CPU
		{14DA91DE-9157-4B87-82E7-D91B0DEF0242}.Release|Any CPU.ActiveCfg = Release|Any CPU
		{14DA91DE-9157-4B87-82E7-D91B0DEF0242}.Release|Any CPU.Build.0 = Release|Any CPU
		{3E9D5424-42E9-4EF7-98BB-A923DFAC21B8}.Debug|Any CPU.ActiveCfg = Debug|Any CPU
		{3E9D5424-42E9-4EF7-98BB-A923DFAC21B8}.Debug|Any CPU.Build.0 = Debug|Any CPU
		{3E9D5424-42E9-4EF7-98BB-A923DFAC21B8}.Release|Any CPU.ActiveCfg = Release|Any CPU
		{3E9D5424-42E9-4EF7-98BB-A923DFAC21B8}.Release|Any CPU.Build.0 = Release|Any CPU
		{17BB7CF9-242B-4DB8-B638-580D9D850D02}.Debug|Any CPU.ActiveCfg = Debug|Any CPU
		{17BB7CF9-242B-4DB8-B638-580D9D850D02}.Debug|Any CPU.Build.0 = Debug|Any CPU
		{17BB7CF9-242B-4DB8-B638-580D9D850D02}.Release|Any CPU.ActiveCfg = Release|Any CPU
		{17BB7CF9-242B-4DB8-B638-580D9D850D02}.Release|Any CPU.Build.0 = Release|Any CPU
		{6FD3FD0C-A3A1-442A-ABB1-8B9964E198B0}.Debug|Any CPU.ActiveCfg = Debug|Any CPU
		{6FD3FD0C-A3A1-442A-ABB1-8B9964E198B0}.Debug|Any CPU.Build.0 = Debug|Any CPU
		{6FD3FD0C-A3A1-442A-ABB1-8B9964E198B0}.Release|Any CPU.ActiveCfg = Release|Any CPU
		{6FD3FD0C-A3A1-442A-ABB1-8B9964E198B0}.Release|Any CPU.Build.0 = Release|Any CPU
	EndGlobalSection
	GlobalSection(SolutionProperties) = preSolution
		HideSolutionNode = FALSE
	EndGlobalSection
EndGlobal
