
Microsoft Visual Studio Solution File, Format Version 12.00
# Visual Studio 14
VisualStudioVersion = 14.0.25123.0
MinimumVisualStudioVersion = 10.0.40219.1
Project("{FAE04EC0-301F-11D3-BF4B-00C04F79EFBC}") = "Problem 01.Piggy Bank", "Problem 01.Piggy Bank\Problem 01.Piggy Bank.csproj", "{D7933EB3-E484-4922-95EF-4A27FE137A21}"
EndProject
Project("{FAE04EC0-301F-11D3-BF4B-00C04F79EFBC}") = "Problem 02.Cheat Sheet", "Problem 02.Cheat Sheet\Problem 02.Cheat Sheet.csproj", "{109E551F-7145-4795-AB93-9075381FC723}"
EndProject
Project("{FAE04EC0-301F-11D3-BF4B-00C04F79EFBC}") = "Problem 03.Boat", "Problem 03.Boat\Problem 03.Boat.csproj", "{BF4D0420-787A-447D-A9E8-0F449F03C31C}"
EndProject
Project("{FAE04EC0-301F-11D3-BF4B-00C04F79EFBC}") = "Problem 04.Text Bombardment", "Problem 04.Text Bombardment\Problem 04.Text Bombardment.csproj", "{46D6E025-CBCE-4F75-A176-4E4D6D8E56B8}"
EndProject
Project("{FAE04EC0-301F-11D3-BF4B-00C04F79EFBC}") = "Problem 05.Bit Lock", "Problem 05.Bit Lock\Problem 05.Bit Lock.csproj", "{021DDDB6-CEEE-41AB-9069-5D33E1D0BC74}"
EndProject
Global
	GlobalSection(SolutionConfigurationPlatforms) = preSolution
		Debug|Any CPU = Debug|Any CPU
		Release|Any CPU = Release|Any CPU
	EndGlobalSection
	GlobalSection(ProjectConfigurationPlatforms) = postSolution
		{D7933EB3-E484-4922-95EF-4A27FE137A21}.Debug|Any CPU.ActiveCfg = Debug|Any CPU
		{D7933EB3-E484-4922-95EF-4A27FE137A21}.Debug|Any CPU.Build.0 = Debug|Any CPU
		{D7933EB3-E484-4922-95EF-4A27FE137A21}.Release|Any CPU.ActiveCfg = Release|Any CPU
		{D7933EB3-E484-4922-95EF-4A27FE137A21}.Release|Any CPU.Build.0 = Release|Any CPU
		{109E551F-7145-4795-AB93-9075381FC723}.Debug|Any CPU.ActiveCfg = Debug|Any CPU
		{109E551F-7145-4795-AB93-9075381FC723}.Debug|Any CPU.Build.0 = Debug|Any CPU
		{109E551F-7145-4795-AB93-9075381FC723}.Release|Any CPU.ActiveCfg = Release|Any CPU
		{109E551F-7145-4795-AB93-9075381FC723}.Release|Any CPU.Build.0 = Release|Any CPU
		{BF4D0420-787A-447D-A9E8-0F449F03C31C}.Debug|Any CPU.ActiveCfg = Debug|Any CPU
		{BF4D0420-787A-447D-A9E8-0F449F03C31C}.Debug|Any CPU.Build.0 = Debug|Any CPU
		{BF4D0420-787A-447D-A9E8-0F449F03C31C}.Release|Any CPU.ActiveCfg = Release|Any CPU
		{BF4D0420-787A-447D-A9E8-0F449F03C31C}.Release|Any CPU.Build.0 = Release|Any CPU
		{46D6E025-CBCE-4F75-A176-4E4D6D8E56B8}.Debug|Any CPU.ActiveCfg = Debug|Any CPU
		{46D6E025-CBCE-4F75-A176-4E4D6D8E56B8}.Debug|Any CPU.Build.0 = Debug|Any CPU
		{46D6E025-CBCE-4F75-A176-4E4D6D8E56B8}.Release|Any CPU.ActiveCfg = Release|Any CPU
		{46D6E025-CBCE-4F75-A176-4E4D6D8E56B8}.Release|Any CPU.Build.0 = Release|Any CPU
		{021DDDB6-CEEE-41AB-9069-5D33E1D0BC74}.Debug|Any CPU.ActiveCfg = Debug|Any CPU
		{021DDDB6-CEEE-41AB-9069-5D33E1D0BC74}.Debug|Any CPU.Build.0 = Debug|Any CPU
		{021DDDB6-CEEE-41AB-9069-5D33E1D0BC74}.Release|Any CPU.ActiveCfg = Release|Any CPU
		{021DDDB6-CEEE-41AB-9069-5D33E1D0BC74}.Release|Any CPU.Build.0 = Release|Any CPU
	EndGlobalSection
	GlobalSection(SolutionProperties) = preSolution
		HideSolutionNode = FALSE
	EndGlobalSection
EndGlobal
