
Microsoft Visual Studio Solution File, Format Version 12.00
# Visual Studio 14
VisualStudioVersion = 14.0.25123.0
MinimumVisualStudioVersion = 10.0.40219.1
Project("{FAE04EC0-301F-11D3-BF4B-00C04F79EFBC}") = "Problem 01.Melons And Watermelons", "Problem 01.Melons And Watermelons\Problem 01.Melons And Watermelons.csproj", "{82EA3EE2-62F7-43B2-8FA3-73CA43B1B320}"
EndProject
Project("{FAE04EC0-301F-11D3-BF4B-00C04F79EFBC}") = "Problem 02.LettersSymbolsNumbers", "Problem 02.LettersSymbolsNumbers\Problem 02.LettersSymbolsNumbers.csproj", "{1B8F5F02-284A-46E0-A396-A0FBB3CA8480}"
EndProject
Project("{FAE04EC0-301F-11D3-BF4B-00C04F79EFBC}") = "Problem 03.PandaScotlandFlag", "Problem 03.PandaScotlandFlag\Problem 03.PandaScotlandFlag.csproj", "{ADDC8A85-7331-4E7D-9B25-7D8589F32A09}"
EndProject
Project("{FAE04EC0-301F-11D3-BF4B-00C04F79EFBC}") = "Problem 04.Morse Code Numbers", "Problem 04.Morse Code Numbers\Problem 04.Morse Code Numbers.csproj", "{F2C466FA-BECD-4061-AE4E-3F5EDC0BA492}"
EndProject
Project("{FAE04EC0-301F-11D3-BF4B-00C04F79EFBC}") = "Problem 05.Bit Paths", "Problem 05.Bit Paths\Problem 05.Bit Paths.csproj", "{38F8B6D9-A3D8-4C45-90B9-5E8A738F8998}"
EndProject
Global
	GlobalSection(SolutionConfigurationPlatforms) = preSolution
		Debug|Any CPU = Debug|Any CPU
		Release|Any CPU = Release|Any CPU
	EndGlobalSection
	GlobalSection(ProjectConfigurationPlatforms) = postSolution
		{82EA3EE2-62F7-43B2-8FA3-73CA43B1B320}.Debug|Any CPU.ActiveCfg = Debug|Any CPU
		{82EA3EE2-62F7-43B2-8FA3-73CA43B1B320}.Debug|Any CPU.Build.0 = Debug|Any CPU
		{82EA3EE2-62F7-43B2-8FA3-73CA43B1B320}.Release|Any CPU.ActiveCfg = Release|Any CPU
		{82EA3EE2-62F7-43B2-8FA3-73CA43B1B320}.Release|Any CPU.Build.0 = Release|Any CPU
		{1B8F5F02-284A-46E0-A396-A0FBB3CA8480}.Debug|Any CPU.ActiveCfg = Debug|Any CPU
		{1B8F5F02-284A-46E0-A396-A0FBB3CA8480}.Debug|Any CPU.Build.0 = Debug|Any CPU
		{1B8F5F02-284A-46E0-A396-A0FBB3CA8480}.Release|Any CPU.ActiveCfg = Release|Any CPU
		{1B8F5F02-284A-46E0-A396-A0FBB3CA8480}.Release|Any CPU.Build.0 = Release|Any CPU
		{ADDC8A85-7331-4E7D-9B25-7D8589F32A09}.Debug|Any CPU.ActiveCfg = Debug|Any CPU
		{ADDC8A85-7331-4E7D-9B25-7D8589F32A09}.Debug|Any CPU.Build.0 = Debug|Any CPU
		{ADDC8A85-7331-4E7D-9B25-7D8589F32A09}.Release|Any CPU.ActiveCfg = Release|Any CPU
		{ADDC8A85-7331-4E7D-9B25-7D8589F32A09}.Release|Any CPU.Build.0 = Release|Any CPU
		{F2C466FA-BECD-4061-AE4E-3F5EDC0BA492}.Debug|Any CPU.ActiveCfg = Debug|Any CPU
		{F2C466FA-BECD-4061-AE4E-3F5EDC0BA492}.Debug|Any CPU.Build.0 = Debug|Any CPU
		{F2C466FA-BECD-4061-AE4E-3F5EDC0BA492}.Release|Any CPU.ActiveCfg = Release|Any CPU
		{F2C466FA-BECD-4061-AE4E-3F5EDC0BA492}.Release|Any CPU.Build.0 = Release|Any CPU
		{38F8B6D9-A3D8-4C45-90B9-5E8A738F8998}.Debug|Any CPU.ActiveCfg = Debug|Any CPU
		{38F8B6D9-A3D8-4C45-90B9-5E8A738F8998}.Debug|Any CPU.Build.0 = Debug|Any CPU
		{38F8B6D9-A3D8-4C45-90B9-5E8A738F8998}.Release|Any CPU.ActiveCfg = Release|Any CPU
		{38F8B6D9-A3D8-4C45-90B9-5E8A738F8998}.Release|Any CPU.Build.0 = Release|Any CPU
	EndGlobalSection
	GlobalSection(SolutionProperties) = preSolution
		HideSolutionNode = FALSE
	EndGlobalSection
EndGlobal
